
Microsoft Visual Studio Solution File, Format Version 12.00
Project("{FAE04EC0-301F-11D3-BF4B-00C04F79EFBC}") = "TaskUp", "TaskUp\TaskUp.csproj", "{6C272B1C-A0B4-441F-85E5-FC8D48778E2D}"
EndProject
Global
	GlobalSection(SolutionConfigurationPlatforms) = preSolution
		Debug|Any CPU = Debug|Any CPU
		Release|Any CPU = Release|Any CPU
	EndGlobalSection
	GlobalSection(ProjectConfigurationPlatforms) = postSolution
		{6C272B1C-A0B4-441F-85E5-FC8D48778E2D}.Debug|Any CPU.ActiveCfg = Debug|Any CPU
		{6C272B1C-A0B4-441F-85E5-FC8D48778E2D}.Debug|Any CPU.Build.0 = Debug|Any CPU
		{6C272B1C-A0B4-441F-85E5-FC8D48778E2D}.Release|Any CPU.ActiveCfg = Release|Any CPU
		{6C272B1C-A0B4-441F-85E5-FC8D48778E2D}.Release|Any CPU.Build.0 = Release|Any CPU
	EndGlobalSection
EndGlobal
